schema: '2.0'
stages:
  preprocess:
    cmd: python icu_preprocessing_pipeline.py
    deps:
    - path: data 
        preparation/mimic_processed/08_feature_matrix_raw_20260528_1247.parquet
      hash: md5
      md5: 03d48101420bbd36419736618fc91cea
      size: 6495779
    - path: icu_preprocessing_pipeline.py
      hash: md5
      md5: f9b8bef72eca259b54a91960322f3077
      size: 13670
    outs:
    - path: mimic_processed/X_test.npy
      hash: md5
      md5: 33badb1540c478e6f990f10c2d1b1bd3
      size: 6717440
    - path: mimic_processed/X_train.npy
      hash: md5
      md5: 1d7c9458019e65ad14e5dc10f778d332
      size: 51538720
    - path: mimic_processed/feature_names_final.csv
      hash: md5
      md5: f6482ab9c89d7de9937d025da15acc15
      size: 1228
    - path: mimic_processed/preprocessing_pipeline.joblib
      hash: md5
      md5: 66a76d2e754471df2c5a4e50634ffd7c
      size: 15599
    - path: mimic_processed/y_test.npy
      hash: md5
      md5: 26516d558cc6ef478c2da84ad178555e
      size: 68672
    - path: mimic_processed/y_train.npy
      hash: md5
      md5: b738702471378fd295275384fca1786e
      size: 526032
  train:
    cmd: python icu_train.py
    deps:
    - path: icu_train.py
      hash: md5
      md5: d3008639109ed7ddfeb8cbf72fbcbf9e
      size: 41309
    - path: mimic_processed/X_test.npy
      hash: md5
      md5: 33badb1540c478e6f990f10c2d1b1bd3
      size: 6717440
    - path: mimic_processed/X_train.npy
      hash: md5
      md5: 1d7c9458019e65ad14e5dc10f778d332
      size: 51538720
    - path: mimic_processed/feature_names_final.csv
      hash: md5
      md5: f6482ab9c89d7de9937d025da15acc15
      size: 1228
    - path: mimic_processed/y_test.npy
      hash: md5
      md5: 26516d558cc6ef478c2da84ad178555e
      size: 68672
    - path: mimic_processed/y_train.npy
      hash: md5
      md5: b738702471378fd295275384fca1786e
      size: 526032
    outs:
    - path: metrics/metrics.json
      hash: md5
      md5: cfa428ef785b17a24ea0ede623871418
      size: 893
    - path: plots/
      hash: md5
      md5: 71cc9e64473d7ad7880dfcfce3a9642c.dir
      size: 1080913
      nfiles: 7
  promote:
    cmd: python promote_model.py
    deps:
    - path: metrics/metrics.json
      hash: md5
      md5: cfa428ef785b17a24ea0ede623871418
      size: 893
    - path: promote_model.py
      hash: md5
      md5: da275a86407b175cc2751c373c170b37
      size: 4949
